
Microsoft Visual Studio Solution File, Format Version 12.00
# Visual Studio Version 16
VisualStudioVersion = 16.0.29920.165
MinimumVisualStudioVersion = 10.0.40219.1
Project("{FAE04EC0-301F-11D3-BF4B-00C04F79EFBC}") = "BrokerCompanySystem", "BrokerCompanySystem\BrokerCompanySystem.csproj", "{719F69EF-F411-495E-B4B0-E836BA8D26EE}"
EndProject
Global
	GlobalSection(SolutionConfigurationPlatforms) = preSolution
		Debug|Any CPU = Debug|Any CPU
		Release|Any CPU = Release|Any CPU
	EndGlobalSection
	GlobalSection(ProjectConfigurationPlatforms) = postSolution
		{719F69EF-F411-495E-B4B0-E836BA8D26EE}.Debug|Any CPU.ActiveCfg = Debug|Any CPU
		{719F69EF-F411-495E-B4B0-E836BA8D26EE}.Debug|Any CPU.Build.0 = Debug|Any CPU
		{719F69EF-F411-495E-B4B0-E836BA8D26EE}.Release|Any CPU.ActiveCfg = Release|Any CPU
		{719F69EF-F411-495E-B4B0-E836BA8D26EE}.Release|Any CPU.Build.0 = Release|Any CPU
	EndGlobalSection
	GlobalSection(SolutionProperties) = preSolution
		HideSolutionNode = FALSE
	EndGlobalSection
	GlobalSection(ExtensibilityGlobals) = postSolution
		SolutionGuid = {CC5784BC-9C7E-4DE4-B962-93DD29BF83A5}
	EndGlobalSection
EndGlobal
