
Microsoft Visual Studio Solution File, Format Version 12.00
# Visual Studio Version 16
VisualStudioVersion = 16.0.29920.165
MinimumVisualStudioVersion = 10.0.40219.1
Project("{FAE04EC0-301F-11D3-BF4B-00C04F79EFBC}") = "DayBeforeExam", "DayBeforeExam\DayBeforeExam.csproj", "{5E8ED691-4F2B-4087-A128-E69DDAB1683D}"
EndProject
Project("{FAE04EC0-301F-11D3-BF4B-00C04F79EFBC}") = "RainAir", "RainAir\RainAir.csproj", "{51F880A8-A003-4506-A91E-CFD791EA4EE8}"
EndProject
Project("{FAE04EC0-301F-11D3-BF4B-00C04F79EFBC}") = "ConsoleApp1", "ConsoleApp1\ConsoleApp1.csproj", "{315FBF82-5BA6-4715-A319-D23D7D47FC8D}"
EndProject
Global
	GlobalSection(SolutionConfigurationPlatforms) = preSolution
		Debug|Any CPU = Debug|Any CPU
		Release|Any CPU = Release|Any CPU
	EndGlobalSection
	GlobalSection(ProjectConfigurationPlatforms) = postSolution
		{5E8ED691-4F2B-4087-A128-E69DDAB1683D}.Debug|Any CPU.ActiveCfg = Debug|Any CPU
		{5E8ED691-4F2B-4087-A128-E69DDAB1683D}.Debug|Any CPU.Build.0 = Debug|Any CPU
		{5E8ED691-4F2B-4087-A128-E69DDAB1683D}.Release|Any CPU.ActiveCfg = Release|Any CPU
		{5E8ED691-4F2B-4087-A128-E69DDAB1683D}.Release|Any CPU.Build.0 = Release|Any CPU
		{51F880A8-A003-4506-A91E-CFD791EA4EE8}.Debug|Any CPU.ActiveCfg = Debug|Any CPU
		{51F880A8-A003-4506-A91E-CFD791EA4EE8}.Debug|Any CPU.Build.0 = Debug|Any CPU
		{51F880A8-A003-4506-A91E-CFD791EA4EE8}.Release|Any CPU.ActiveCfg = Release|Any CPU
		{51F880A8-A003-4506-A91E-CFD791EA4EE8}.Release|Any CPU.Build.0 = Release|Any CPU
		{315FBF82-5BA6-4715-A319-D23D7D47FC8D}.Debug|Any CPU.ActiveCfg = Debug|Any CPU
		{315FBF82-5BA6-4715-A319-D23D7D47FC8D}.Debug|Any CPU.Build.0 = Debug|Any CPU
		{315FBF82-5BA6-4715-A319-D23D7D47FC8D}.Release|Any CPU.ActiveCfg = Release|Any CPU
		{315FBF82-5BA6-4715-A319-D23D7D47FC8D}.Release|Any CPU.Build.0 = Release|Any CPU
	EndGlobalSection
	GlobalSection(SolutionProperties) = preSolution
		HideSolutionNode = FALSE
	EndGlobalSection
	GlobalSection(ExtensibilityGlobals) = postSolution
		SolutionGuid = {19FF1F74-00D5-48F2-9AAE-5076698052BD}
	EndGlobalSection
EndGlobal
