
Microsoft Visual Studio Solution File, Format Version 12.00
# Visual Studio Version 16
VisualStudioVersion = 16.0.29920.165
MinimumVisualStudioVersion = 10.0.40219.1
Project("{FAE04EC0-301F-11D3-BF4B-00C04F79EFBC}") = "Exam", "Exam\Exam.csproj", "{786D0545-1267-4C2A-B86A-3CBC9AF36C9C}"
EndProject
Project("{FAE04EC0-301F-11D3-BF4B-00C04F79EFBC}") = "Exam-Exercise2", "Exam-Exercise2\Exam-Exercise2.csproj", "{10D02638-C34D-41BA-8715-037B8D2166B9}"
EndProject
Project("{FAE04EC0-301F-11D3-BF4B-00C04F79EFBC}") = "Exam-Exercise4", "Exam-Exercise4\Exam-Exercise4.csproj", "{4536D3B6-3DD8-4A82-A183-90FCBD7B5BF2}"
EndProject
Project("{FAE04EC0-301F-11D3-BF4B-00C04F79EFBC}") = "Exam-Exercise3", "Exam-Exercise3\Exam-Exercise3.csproj", "{C5488864-8C2D-45FA-B5CC-8493AB0F3B17}"
EndProject
Global
	GlobalSection(SolutionConfigurationPlatforms) = preSolution
		Debug|Any CPU = Debug|Any CPU
		Release|Any CPU = Release|Any CPU
	EndGlobalSection
	GlobalSection(ProjectConfigurationPlatforms) = postSolution
		{786D0545-1267-4C2A-B86A-3CBC9AF36C9C}.Debug|Any CPU.ActiveCfg = Debug|Any CPU
		{786D0545-1267-4C2A-B86A-3CBC9AF36C9C}.Debug|Any CPU.Build.0 = Debug|Any CPU
		{786D0545-1267-4C2A-B86A-3CBC9AF36C9C}.Release|Any CPU.ActiveCfg = Release|Any CPU
		{786D0545-1267-4C2A-B86A-3CBC9AF36C9C}.Release|Any CPU.Build.0 = Release|Any CPU
		{10D02638-C34D-41BA-8715-037B8D2166B9}.Debug|Any CPU.ActiveCfg = Debug|Any CPU
		{10D02638-C34D-41BA-8715-037B8D2166B9}.Debug|Any CPU.Build.0 = Debug|Any CPU
		{10D02638-C34D-41BA-8715-037B8D2166B9}.Release|Any CPU.ActiveCfg = Release|Any CPU
		{10D02638-C34D-41BA-8715-037B8D2166B9}.Release|Any CPU.Build.0 = Release|Any CPU
		{4536D3B6-3DD8-4A82-A183-90FCBD7B5BF2}.Debug|Any CPU.ActiveCfg = Debug|Any CPU
		{4536D3B6-3DD8-4A82-A183-90FCBD7B5BF2}.Debug|Any CPU.Build.0 = Debug|Any CPU
		{4536D3B6-3DD8-4A82-A183-90FCBD7B5BF2}.Release|Any CPU.ActiveCfg = Release|Any CPU
		{4536D3B6-3DD8-4A82-A183-90FCBD7B5BF2}.Release|Any CPU.Build.0 = Release|Any CPU
		{C5488864-8C2D-45FA-B5CC-8493AB0F3B17}.Debug|Any CPU.ActiveCfg = Debug|Any CPU
		{C5488864-8C2D-45FA-B5CC-8493AB0F3B17}.Debug|Any CPU.Build.0 = Debug|Any CPU
		{C5488864-8C2D-45FA-B5CC-8493AB0F3B17}.Release|Any CPU.ActiveCfg = Release|Any CPU
		{C5488864-8C2D-45FA-B5CC-8493AB0F3B17}.Release|Any CPU.Build.0 = Release|Any CPU
	EndGlobalSection
	GlobalSection(SolutionProperties) = preSolution
		HideSolutionNode = FALSE
	EndGlobalSection
	GlobalSection(ExtensibilityGlobals) = postSolution
		SolutionGuid = {946AE6D0-5031-4449-8BDB-22A65C75A6FD}
	EndGlobalSection
EndGlobal
