
Microsoft Visual Studio Solution File, Format Version 12.00
# Visual Studio Version 16
VisualStudioVersion = 16.0.29920.165
MinimumVisualStudioVersion = 10.0.40219.1
Project("{FAE04EC0-301F-11D3-BF4B-00C04F79EFBC}") = "Curses", "Curses\Curses.csproj", "{49EF2E96-8606-4C9C-A918-D42344D4AD4C}"
EndProject
Global
	GlobalSection(SolutionConfigurationPlatforms) = preSolution
		Debug|Any CPU = Debug|Any CPU
		Release|Any CPU = Release|Any CPU
	EndGlobalSection
	GlobalSection(ProjectConfigurationPlatforms) = postSolution
		{49EF2E96-8606-4C9C-A918-D42344D4AD4C}.Debug|Any CPU.ActiveCfg = Debug|Any CPU
		{49EF2E96-8606-4C9C-A918-D42344D4AD4C}.Debug|Any CPU.Build.0 = Debug|Any CPU
		{49EF2E96-8606-4C9C-A918-D42344D4AD4C}.Release|Any CPU.ActiveCfg = Release|Any CPU
		{49EF2E96-8606-4C9C-A918-D42344D4AD4C}.Release|Any CPU.Build.0 = Release|Any CPU
	EndGlobalSection
	GlobalSection(SolutionProperties) = preSolution
		HideSolutionNode = FALSE
	EndGlobalSection
	GlobalSection(ExtensibilityGlobals) = postSolution
		SolutionGuid = {2A761530-1390-4A81-865C-BA880E4CD93B}
	EndGlobalSection
EndGlobal
