
Microsoft Visual Studio Solution File, Format Version 12.00
# Visual Studio Version 16
VisualStudioVersion = 16.0.29920.165
MinimumVisualStudioVersion = 10.0.40219.1
Project("{FAE04EC0-301F-11D3-BF4B-00C04F79EFBC}") = "ConsoleApp15", "ConsoleApp15\ConsoleApp15.csproj", "{F087C0D2-375B-49F4-B23F-4749EFFC68F9}"
EndProject
Project("{FAE04EC0-301F-11D3-BF4B-00C04F79EFBC}") = "TriFunction", "TriFunction\TriFunction.csproj", "{C1147012-6E07-4786-9795-76436624D111}"
EndProject
Global
	GlobalSection(SolutionConfigurationPlatforms) = preSolution
		Debug|Any CPU = Debug|Any CPU
		Release|Any CPU = Release|Any CPU
	EndGlobalSection
	GlobalSection(ProjectConfigurationPlatforms) = postSolution
		{F087C0D2-375B-49F4-B23F-4749EFFC68F9}.Debug|Any CPU.ActiveCfg = Debug|Any CPU
		{F087C0D2-375B-49F4-B23F-4749EFFC68F9}.Debug|Any CPU.Build.0 = Debug|Any CPU
		{F087C0D2-375B-49F4-B23F-4749EFFC68F9}.Release|Any CPU.ActiveCfg = Release|Any CPU
		{F087C0D2-375B-49F4-B23F-4749EFFC68F9}.Release|Any CPU.Build.0 = Release|Any CPU
		{C1147012-6E07-4786-9795-76436624D111}.Debug|Any CPU.ActiveCfg = Debug|Any CPU
		{C1147012-6E07-4786-9795-76436624D111}.Debug|Any CPU.Build.0 = Debug|Any CPU
		{C1147012-6E07-4786-9795-76436624D111}.Release|Any CPU.ActiveCfg = Release|Any CPU
		{C1147012-6E07-4786-9795-76436624D111}.Release|Any CPU.Build.0 = Release|Any CPU
	EndGlobalSection
	GlobalSection(SolutionProperties) = preSolution
		HideSolutionNode = FALSE
	EndGlobalSection
	GlobalSection(ExtensibilityGlobals) = postSolution
		SolutionGuid = {D0075CE6-994E-472F-B28D-BD02E05C4CD7}
	EndGlobalSection
EndGlobal
