
Microsoft Visual Studio Solution File, Format Version 12.00
# Visual Studio Version 16
VisualStudioVersion = 16.0.29920.165
MinimumVisualStudioVersion = 10.0.40219.1
Project("{FAE04EC0-301F-11D3-BF4B-00C04F79EFBC}") = "Anonymous_Vox", "Anonymous_Vox\Anonymous_Vox.csproj", "{913D7475-7954-437E-8011-7AB6E84F2A80}"
EndProject
Global
	GlobalSection(SolutionConfigurationPlatforms) = preSolution
		Debug|Any CPU = Debug|Any CPU
		Release|Any CPU = Release|Any CPU
	EndGlobalSection
	GlobalSection(ProjectConfigurationPlatforms) = postSolution
		{913D7475-7954-437E-8011-7AB6E84F2A80}.Debug|Any CPU.ActiveCfg = Debug|Any CPU
		{913D7475-7954-437E-8011-7AB6E84F2A80}.Debug|Any CPU.Build.0 = Debug|Any CPU
		{913D7475-7954-437E-8011-7AB6E84F2A80}.Release|Any CPU.ActiveCfg = Release|Any CPU
		{913D7475-7954-437E-8011-7AB6E84F2A80}.Release|Any CPU.Build.0 = Release|Any CPU
	EndGlobalSection
	GlobalSection(SolutionProperties) = preSolution
		HideSolutionNode = FALSE
	EndGlobalSection
	GlobalSection(ExtensibilityGlobals) = postSolution
		SolutionGuid = {BEE8F386-4860-476C-9DEB-314AD8CE599B}
	EndGlobalSection
EndGlobal
